{
  "name": "intersects",
  "version": "2.0.1",
  "lockfileVersion": 1,
  "requires": true,
  "dependencies": {
    "bit-twiddle": {
      "version": "1.0.2",
      "resolved": "https://registry.npmjs.org/bit-twiddle/-/bit-twiddle-1.0.2.tgz",
      "integrity": "sha1-DGwfq+KyPRcXPZpht7cJPrnhdp4=",
      "dev": true
    },
    "earcut": {
      "version": "2.1.3",
      "resolved": "https://registry.npmjs.org/earcut/-/earcut-2.1.3.tgz",
      "integrity": "sha512-AxdCdWUk1zzK/NuZ7e1ljj6IGC+VAdC3Qb7QQDsXpfNrc5IM8tL9nNXUmEGE6jRHTfZ10zhzRhtDmWVsR5pd3A==",
      "dev": true
    },
    "eventemitter3": {
      "version": "3.0.1",
      "resolved": "https://registry.npmjs.org/eventemitter3/-/eventemitter3-3.0.1.tgz",
      "integrity": "sha512-QOCPu979MMWX9XNlfRZoin+Wm+bK1SP7vv3NGUniYwuSJK/+cPA10blMaeRgzg31RvoSFk6FsCDVa4vNryBTGA==",
      "dev": true
    },
    "exists": {
      "version": "1.0.1",
      "resolved": "https://registry.npmjs.org/exists/-/exists-1.0.1.tgz",
      "integrity": "sha1-/8vuKRQvJAVt8Bkk5zJicz2xC0k=",
      "dev": true
    },
    "highlight.js": {
      "version": "9.12.0",
      "resolved": "https://registry.npmjs.org/highlight.js/-/highlight.js-9.12.0.tgz",
      "integrity": "sha1-5tnb5Xy+/mB1HwKvM2GVhwyQwB4=",
      "dev": true
    },
    "ismobilejs": {
      "version": "0.4.1",
      "resolved": "https://registry.npmjs.org/ismobilejs/-/ismobilejs-0.4.1.tgz",
      "integrity": "sha1-Gl8SbHD+05yT2jgPpiy65XI+fcI=",
      "dev": true
    },
    "mini-signals": {
      "version": "1.2.0",
      "resolved": "https://registry.npmjs.org/mini-signals/-/mini-signals-1.2.0.tgz",
      "integrity": "sha1-RbCAE8X65RokqhqTXNMXye1yHXQ=",
      "dev": true
    },
    "object-assign": {
      "version": "4.1.1",
      "resolved": "https://registry.npmjs.org/object-assign/-/object-assign-4.1.1.tgz",
      "integrity": "sha1-IQmtx5ZYh8/AXLvUQsrIv7s2CGM=",
      "dev": true
    },
    "parse-uri": {
      "version": "1.0.0",
      "resolved": "https://registry.npmjs.org/parse-uri/-/parse-uri-1.0.0.tgz",
      "integrity": "sha1-KHLcwi8aeXrN4Vg9igrClVLdrCA=",
      "dev": true
    },
    "penner": {
      "version": "0.1.3",
      "resolved": "https://registry.npmjs.org/penner/-/penner-0.1.3.tgz",
      "integrity": "sha1-C4tILU6bOa8vPXw3WSIpuKzClwU=",
      "dev": true
    },
    "pixi-ease": {
      "version": "0.18.0",
      "resolved": "https://registry.npmjs.org/pixi-ease/-/pixi-ease-0.18.0.tgz",
      "integrity": "sha512-qC9ofPKHblNlkdKDFgXDcw1vTPg4zDTLBudk32lScafOB59QKE5duElA+XwaS5kEpumVfnlKtg3k4gCcGcat3Q==",
      "dev": true,
      "requires": {
        "eventemitter3": "^3.0.0",
        "penner": "^0.1.3",
        "yy-angle": "^1.2.0",
        "yy-color": "^1.0.0"
      }
    },
    "pixi-gl-core": {
      "version": "1.1.4",
      "resolved": "https://registry.npmjs.org/pixi-gl-core/-/pixi-gl-core-1.1.4.tgz",
      "integrity": "sha1-i0tcQzsx5Bm8N53FZc4bg1qRs3I=",
      "dev": true
    },
    "pixi.js": {
      "version": "4.7.3",
      "resolved": "https://registry.npmjs.org/pixi.js/-/pixi.js-4.7.3.tgz",
      "integrity": "sha512-uYCTtjYiqSpwN2kZLmjwAL+1yrdCL/pVI+waYlkVqAHBnuQCpOuGA/0UunbxZ4T13xVZ4wN+ftPlEjxWl0th3w==",
      "dev": true,
      "requires": {
        "bit-twiddle": "^1.0.2",
        "earcut": "^2.1.3",
        "eventemitter3": "^2.0.0",
        "ismobilejs": "^0.4.0",
        "object-assign": "^4.0.1",
        "pixi-gl-core": "^1.1.4",
        "remove-array-items": "^1.0.0",
        "resource-loader": "^2.1.1"
      },
      "dependencies": {
        "eventemitter3": {
          "version": "2.0.3",
          "resolved": "https://registry.npmjs.org/eventemitter3/-/eventemitter3-2.0.3.tgz",
          "integrity": "sha1-teEHm1n7XhuidxwKmTvgYKWMmbo=",
          "dev": true
        }
      }
    },
    "remove-array-items": {
      "version": "1.0.0",
      "resolved": "https://registry.npmjs.org/remove-array-items/-/remove-array-items-1.0.0.tgz",
      "integrity": "sha1-B79CyzMvTPboXq2DteToltIyayE=",
      "dev": true
    },
    "resource-loader": {
      "version": "2.1.1",
      "resolved": "https://registry.npmjs.org/resource-loader/-/resource-loader-2.1.1.tgz",
      "integrity": "sha512-jRMGYUfa4AGk9ib45Wxc93lobhQVoiCUAUkWqsbb/fhGPge97YT1S8aC0xBEQpolMsrdmB3o7SH8VmIEvIDOLA==",
      "dev": true,
      "requires": {
        "mini-signals": "^1.1.1",
        "parse-uri": "^1.0.0"
      }
    },
    "seedrandom": {
      "version": "2.4.3",
      "resolved": "https://registry.npmjs.org/seedrandom/-/seedrandom-2.4.3.tgz",
      "integrity": "sha1-JDhQTa0zkXMUv/GKxNeU8W1qrsw=",
      "dev": true
    },
    "tinycolor2": {
      "version": "1.4.1",
      "resolved": "https://registry.npmjs.org/tinycolor2/-/tinycolor2-1.4.1.tgz",
      "integrity": "sha1-9PrTM0R7wLB9TcjpIJ2POaisd+g=",
      "dev": true
    },
    "yy-angle": {
      "version": "1.2.0",
      "resolved": "https://registry.npmjs.org/yy-angle/-/yy-angle-1.2.0.tgz",
      "integrity": "sha512-Sf311F5zlItZA0dH/mD3MMG6mIIo1b+9XsFqpLhKCTqFFUL4ip+XWTaQLWLRDkh/Ag0GzAsGt6rWcq61OU9+zQ==",
      "dev": true
    },
    "yy-color": {
      "version": "1.0.7",
      "resolved": "https://registry.npmjs.org/yy-color/-/yy-color-1.0.7.tgz",
      "integrity": "sha1-P5IxiCQ/q8zqJNNy9Li24wk8Zak=",
      "dev": true,
      "requires": {
        "yy-random": "^1.0.1"
      }
    },
    "yy-counter": {
      "version": "2.1.0",
      "resolved": "https://registry.npmjs.org/yy-counter/-/yy-counter-2.1.0.tgz",
      "integrity": "sha1-bAI8Wl9IqWLPNPI0y7JvZNi9LC4=",
      "dev": true
    },
    "yy-fps": {
      "version": "0.5.3",
      "resolved": "https://registry.npmjs.org/yy-fps/-/yy-fps-0.5.3.tgz",
      "integrity": "sha1-MbWunsVWSugkih5IZFW7ulJNyOU=",
      "dev": true,
      "requires": {
        "tinycolor2": "^1.4.1",
        "yy-counter": "^2.1.0"
      }
    },
    "yy-loop": {
      "version": "0.4.1",
      "resolved": "https://registry.npmjs.org/yy-loop/-/yy-loop-0.4.1.tgz",
      "integrity": "sha1-6maUQ8I+v6gFvlJjwtw449Zpvpk=",
      "dev": true,
      "requires": {
        "eventemitter3": "^3.0.0"
      }
    },
    "yy-random": {
      "version": "1.6.0",
      "resolved": "https://registry.npmjs.org/yy-random/-/yy-random-1.6.0.tgz",
      "integrity": "sha512-oMIO8eo4BVed+o8NDMGj9scboHWBFtOdip1oDpXhxYw3A03lYqDqtlwPLg8SOK0q95Fsdzj9EdCQMWFWRk3p7A==",
      "dev": true,
      "requires": {
        "seedrandom": "^2.4.3"
      }
    },
    "yy-renderer": {
      "version": "2.7.1",
      "resolved": "https://registry.npmjs.org/yy-renderer/-/yy-renderer-2.7.1.tgz",
      "integrity": "sha1-RH6BfbyRDRJryJXRugZOJBtDsRY=",
      "dev": true,
      "requires": {
        "exists": "^1.0.1",
        "pixi.js": "^4.6.2",
        "yy-fps": "^0.5.3",
        "yy-loop": "^0.4.1"
      }
    }
  }
}
