# THIS IS AN AUTOGENERATED FILE. DO NOT EDIT THIS FILE DIRECTLY.
# yarn lockfile v1


"@pixi/accessibility@^5.0.2":
  version "5.0.2"
  resolved "https://registry.yarnpkg.com/@pixi/accessibility/-/accessibility-5.0.2.tgz#a45fc7f6801b56702102e56fa81d4caa9177520a"
  integrity sha512-oROnDkRIfSnI+ZogIlhOjTlvkAZH+jLqvV2ab2rzDIMG1i4CYUez+cx5P5b/4VRrSLLZWepE28d++utCDBxPwA==
  dependencies:
    "@pixi/core" "^5.0.2"
    "@pixi/display" "^5.0.1"
    "@pixi/utils" "^5.0.1"

"@pixi/app@^5.0.2":
  version "5.0.2"
  resolved "https://registry.yarnpkg.com/@pixi/app/-/app-5.0.2.tgz#c8b7caf49846da3e0c7b6e61eb85e54bd52545ac"
  integrity sha512-5H4h+UzlCXf2RwkegyK5D56rSym6rRhwWbNBcpu5f6VqySyTB16pnNfLs1yPfwE+CxhBAes1XawJf6U1CE/9mQ==
  dependencies:
    "@pixi/core" "^5.0.2"
    "@pixi/display" "^5.0.1"

"@pixi/constants@^5.0.0-rc.3":
  version "5.0.0-rc.3"
  resolved "https://registry.yarnpkg.com/@pixi/constants/-/constants-5.0.0-rc.3.tgz#0f7236bd5392b68aca7c981608310ca25e481861"
  integrity sha512-PrMmpD6EcQpwx4UkPnYcPuk63oqW3LG2Y+gFMEWVO0nBrkVw0JY/5uwJ9wRz0AiQotFdpd/AmMC3mZl8y1l7jw==

"@pixi/core@^5.0.2":
  version "5.0.2"
  resolved "https://registry.yarnpkg.com/@pixi/core/-/core-5.0.2.tgz#c3091735d5ed579f5f74164de66d84ebe96a7021"
  integrity sha512-76ouZ9oxFb0vnYXP98A4PXYaw5Ey0NxG0XdiD7oRdbrE79yiqaxmQK9q+7J9f3rzrHbqhZWut8OiQAHnzvhPNw==
  dependencies:
    "@pixi/constants" "^5.0.0-rc.3"
    "@pixi/display" "^5.0.1"
    "@pixi/math" "^5.0.0-rc.3"
    "@pixi/runner" "^5.0.0"
    "@pixi/settings" "^5.0.1"
    "@pixi/ticker" "^5.0.1"
    "@pixi/utils" "^5.0.1"

"@pixi/display@^5.0.1":
  version "5.0.1"
  resolved "https://registry.yarnpkg.com/@pixi/display/-/display-5.0.1.tgz#727d47d2ebcbdb2e2f3bcd68137f74c694861407"
  integrity sha512-TldN/3ksgsZdKwmqhbjnVEVW3YaryyRxB5DD6Q+qNjqdjNsPBsfYcMPOax+J9sjdjz6cAVa2xG3f2b4za0oBJw==
  dependencies:
    "@pixi/math" "^5.0.0-rc.3"
    "@pixi/settings" "^5.0.1"
    "@pixi/utils" "^5.0.1"

"@pixi/extract@^5.0.2":
  version "5.0.2"
  resolved "https://registry.yarnpkg.com/@pixi/extract/-/extract-5.0.2.tgz#7a050fdb04a43fcba1ae10abf974a067e08d1661"
  integrity sha512-9mQtuWcZ10X9kK+HnpwuIpjSCi9pJi4ZKW8bkNkUxyGOqzpXFiCEXSmqR9JqbhABg1BrG4mdX9mZeYcXikZ44Q==
  dependencies:
    "@pixi/core" "^5.0.2"
    "@pixi/math" "^5.0.0-rc.3"
    "@pixi/utils" "^5.0.1"

"@pixi/filter-alpha@^5.0.2":
  version "5.0.2"
  resolved "https://registry.yarnpkg.com/@pixi/filter-alpha/-/filter-alpha-5.0.2.tgz#318caac1761ce35afd53108367e47d3e11c44495"
  integrity sha512-6BaUBnlgziP2p4ajzMD4Jwqpwa/fV6PrB0hZyLwI5KJ57/RW3/RX/qLFY7N1ciFYbN+ijYFPcTBkAOcShXSwTg==
  dependencies:
    "@pixi/core" "^5.0.2"

"@pixi/filter-blur@^5.0.2":
  version "5.0.2"
  resolved "https://registry.yarnpkg.com/@pixi/filter-blur/-/filter-blur-5.0.2.tgz#af2a463993722ce6e80ab7934e57532ab7105925"
  integrity sha512-3LiLFgnoTjyxdZEzpUrgtWEXTQ8OX6yFh9Uvz7OhvJJJPl/TAPsZqdu1SCcVmtt/cRX4OBGx952PcFENIDa0Pg==
  dependencies:
    "@pixi/core" "^5.0.2"
    "@pixi/settings" "^5.0.1"

"@pixi/filter-color-matrix@^5.0.2":
  version "5.0.2"
  resolved "https://registry.yarnpkg.com/@pixi/filter-color-matrix/-/filter-color-matrix-5.0.2.tgz#b9698144783d16ed4aa22b80cea44b9441ab4841"
  integrity sha512-Czshk8yx08C4aWtOUOeROKI+xtJP8je6+8vClM5atV1+lJXVyNj5Y+8evyH4Z8Tvk5oVSbc7bstquEgon19vFw==
  dependencies:
    "@pixi/core" "^5.0.2"

"@pixi/filter-displacement@^5.0.2":
  version "5.0.2"
  resolved "https://registry.yarnpkg.com/@pixi/filter-displacement/-/filter-displacement-5.0.2.tgz#4baf5e49b5cc39a1ca7718becd0a92b970a0c67a"
  integrity sha512-XhI1G9YUURmI1JnC2DcvugbPIu5g1osRUdG1nC8OyMcoUgNvJMU0csAeew3/D2uAr9MJ3B7wsUxYQOdxybe0uA==
  dependencies:
    "@pixi/core" "^5.0.2"
    "@pixi/math" "^5.0.0-rc.3"

"@pixi/filter-fxaa@^5.0.2":
  version "5.0.2"
  resolved "https://registry.yarnpkg.com/@pixi/filter-fxaa/-/filter-fxaa-5.0.2.tgz#d9f72f7d5d512c00728dc9333b4e1053aa4593eb"
  integrity sha512-3woEwSmz4ZQ8l//PzvAB8PlI86a521NsqVN6/dqgJhRcU8KsU1FSNod18cYt2MvZEm3aidggfZjPJyVHo4D5aQ==
  dependencies:
    "@pixi/core" "^5.0.2"

"@pixi/filter-noise@^5.0.2":
  version "5.0.2"
  resolved "https://registry.yarnpkg.com/@pixi/filter-noise/-/filter-noise-5.0.2.tgz#aec7eb315fb034aff86cf16a63f5395e7e695e18"
  integrity sha512-6fH4B8mhBMvESLnS+sEV+cPEfnsUicPx+rjzdxReab8fXBFZVW6d7tZX9jQe8D+wg7YR+9g7VQlklsbscKaEdA==
  dependencies:
    "@pixi/core" "^5.0.2"

"@pixi/graphics@^5.0.2":
  version "5.0.2"
  resolved "https://registry.yarnpkg.com/@pixi/graphics/-/graphics-5.0.2.tgz#5fd6d9850f9e49d02f0523b91a92741af17d17af"
  integrity sha512-GAbDaGaB0UqpvOSiMi/N7gdVmyTVvjFUiFGFlbYW3TVlhY7LgpWlLD9OCkpEzTGnQ9EURPvANMLC9OuFseANhw==
  dependencies:
    "@pixi/constants" "^5.0.0-rc.3"
    "@pixi/core" "^5.0.2"
    "@pixi/display" "^5.0.1"
    "@pixi/math" "^5.0.0-rc.3"
    "@pixi/sprite" "^5.0.2"
    "@pixi/utils" "^5.0.1"

"@pixi/interaction@^5.0.2":
  version "5.0.2"
  resolved "https://registry.yarnpkg.com/@pixi/interaction/-/interaction-5.0.2.tgz#e3bbac1376b0b165dcb181384695bb47a2ffcc31"
  integrity sha512-cJT6YQPoTgFXznOpBQae6OnuPhKejBW8CYfWqD5NL4nhRPZ/sP6mJVGPuVw/t0QlyxheiLcDr1Z2/XUmfJx1mg==
  dependencies:
    "@pixi/core" "^5.0.2"
    "@pixi/display" "^5.0.1"
    "@pixi/math" "^5.0.0-rc.3"
    "@pixi/ticker" "^5.0.1"
    "@pixi/utils" "^5.0.1"

"@pixi/loaders@^5.0.2":
  version "5.0.2"
  resolved "https://registry.yarnpkg.com/@pixi/loaders/-/loaders-5.0.2.tgz#ba56b6b041edcd3916afcc0e73bcc24992920478"
  integrity sha512-U7Sb1nFeLoyiuPRGBOvh2Rx3tpuM3OfTzdBGzfo2DCeiorlv9buL/2nj+f2F/S4vS56jOduM4jRFd3OjfoXrUg==
  dependencies:
    "@pixi/core" "^5.0.2"
    "@pixi/utils" "^5.0.1"
    resource-loader "^2.2.4"

"@pixi/math@^5.0.0-rc.3":
  version "5.0.0-rc.3"
  resolved "https://registry.yarnpkg.com/@pixi/math/-/math-5.0.0-rc.3.tgz#847e8cf834dc4238ec3cf0ec185ea37be85ba6aa"
  integrity sha512-of/s2hHwTAN4wOxnLYQDIJftWFJgZ+S24U5N/fP6RHs6OQyegOX3q7f9uvwa+c6ssFNzGpPIF0Df7U2yKZdPFQ==

"@pixi/mesh-extras@^5.0.2":
  version "5.0.2"
  resolved "https://registry.yarnpkg.com/@pixi/mesh-extras/-/mesh-extras-5.0.2.tgz#ec6204bb084561a078ea4d14c1b13925222d45df"
  integrity sha512-NFFZi+KE7oge80AynBvhYohNZHXe9o9So2eYtC52OC5KRIywONhiZH7DwIuvasSy6nZNBcxb69d1S5Y0yPUtZg==
  dependencies:
    "@pixi/constants" "^5.0.0-rc.3"
    "@pixi/core" "^5.0.2"
    "@pixi/math" "^5.0.0-rc.3"
    "@pixi/mesh" "^5.0.2"
    "@pixi/utils" "^5.0.1"

"@pixi/mesh@^5.0.2":
  version "5.0.2"
  resolved "https://registry.yarnpkg.com/@pixi/mesh/-/mesh-5.0.2.tgz#28b1ddc80c1130249571081febb435d9a77ca6ef"
  integrity sha512-EaFXhF3EbbkvHopWsKISpN4nj17Qb2oHKMgLpM810I1w3q4fdRHkF1ipTgGWzIHqkqu/XWoUg62GxEEyGcqLpA==
  dependencies:
    "@pixi/constants" "^5.0.0-rc.3"
    "@pixi/core" "^5.0.2"
    "@pixi/display" "^5.0.1"
    "@pixi/math" "^5.0.0-rc.3"
    "@pixi/settings" "^5.0.1"
    "@pixi/utils" "^5.0.1"

"@pixi/mixin-cache-as-bitmap@^5.0.2":
  version "5.0.2"
  resolved "https://registry.yarnpkg.com/@pixi/mixin-cache-as-bitmap/-/mixin-cache-as-bitmap-5.0.2.tgz#207fee50a85855a813878b7c333c524de487957a"
  integrity sha512-G62vaLV2XJWnuJbH65uoX0wnOkHFwODAerMkKGDeHhdPdT/zzVIdxkDp2ccrlMaxf9eP7khHGOn2g/8KLZ7h9A==
  dependencies:
    "@pixi/core" "^5.0.2"
    "@pixi/display" "^5.0.1"
    "@pixi/math" "^5.0.0-rc.3"
    "@pixi/settings" "^5.0.1"
    "@pixi/sprite" "^5.0.2"
    "@pixi/utils" "^5.0.1"

"@pixi/mixin-get-child-by-name@^5.0.1":
  version "5.0.1"
  resolved "https://registry.yarnpkg.com/@pixi/mixin-get-child-by-name/-/mixin-get-child-by-name-5.0.1.tgz#ff139fc8e07f113277a2e1f1d2ec100b3b72e84f"
  integrity sha512-jIxy2Mi7+ljalwSDKIDoLCc0+4Wst0ywqT1ZHALYAASylSC+fp38qGmE2GY0qW1fLaOeG6SUeunUyW5ukASFTw==
  dependencies:
    "@pixi/display" "^5.0.1"

"@pixi/mixin-get-global-position@^5.0.1":
  version "5.0.1"
  resolved "https://registry.yarnpkg.com/@pixi/mixin-get-global-position/-/mixin-get-global-position-5.0.1.tgz#9ca6681525da451841c6d5049e2d7e07b041cadc"
  integrity sha512-yPEM5ZbdPePl87f1nlEJXA9Wt1hiR5kqBgtQ2j10Igm6DBBViCANNa7NpHdr2KaLtZh7NLKldoBmqzoaG2SiXw==
  dependencies:
    "@pixi/display" "^5.0.1"
    "@pixi/math" "^5.0.0-rc.3"

"@pixi/particles@^5.0.2":
  version "5.0.2"
  resolved "https://registry.yarnpkg.com/@pixi/particles/-/particles-5.0.2.tgz#d4742b22cc38450b88d22e87b59f4c4f32e4a4d5"
  integrity sha512-BNkHVy1DqPGfW25qwHKkJ9ABzaG4L1Mdtz+4ajCi6WZz2Y6HFAG8kcFG8B9stmZ9GwpasxpSkxbPyd9FY7UdKA==
  dependencies:
    "@pixi/constants" "^5.0.0-rc.3"
    "@pixi/core" "^5.0.2"
    "@pixi/display" "^5.0.1"
    "@pixi/math" "^5.0.0-rc.3"
    "@pixi/utils" "^5.0.1"

"@pixi/polyfill@^5.0.0":
  version "5.0.0"
  resolved "https://registry.yarnpkg.com/@pixi/polyfill/-/polyfill-5.0.0.tgz#2c39c7b2aec65f6f5611c1d8b0b32e67492e67f5"
  integrity sha512-3S+rZ0JtAvkGMluXTnE0UrN47IkPqQ9wluLfQBbtz7U0ZNJK7x/k/JmMEkbSoz7n39wfEfcEggqII+Nmi4gf6A==
  dependencies:
    es6-promise-polyfill "^1.2.0"
    object-assign "^4.1.1"

"@pixi/prepare@^5.0.2":
  version "5.0.2"
  resolved "https://registry.yarnpkg.com/@pixi/prepare/-/prepare-5.0.2.tgz#2ee1b5b7a3adebb0d9a2c482a064c2e07fc0d429"
  integrity sha512-p07wty4qXgtSngI2gOPp8MslDzNnr87RiMNKTRCoqlc8vfp5ARVriMAqlOkM85kG4iydPrBjMharVSf9380aqg==
  dependencies:
    "@pixi/core" "^5.0.2"
    "@pixi/display" "^5.0.1"
    "@pixi/graphics" "^5.0.2"
    "@pixi/settings" "^5.0.1"
    "@pixi/text" "^5.0.2"
    "@pixi/ticker" "^5.0.1"

"@pixi/runner@^5.0.0":
  version "5.0.0"
  resolved "https://registry.yarnpkg.com/@pixi/runner/-/runner-5.0.0.tgz#1457e9f520310ac644c02b1c57c1fe3e0a1feb4f"
  integrity sha512-VytqTmLpNLgyp4m463R4asahtAyrvasuCvFiigX4/rOZsndrujYVCdH9xCO6Yy6RE7PR1Jflmlx/xV2GE9QKaw==

"@pixi/settings@^5.0.1":
  version "5.0.1"
  resolved "https://registry.yarnpkg.com/@pixi/settings/-/settings-5.0.1.tgz#a8ab7b0b8d99d8c98f30c35220a9dde42d4ba149"
  integrity sha512-H2uOTOLrwW+ZS07Nc3vEqUKlugKQ/QV9GSTGz33RObwfTS/PidlR/Ucow+n06DwnZHvhqJCvS+z8eieXfHRl6g==
  dependencies:
    ismobilejs "^0.5.1"

"@pixi/sprite-animated@^5.0.2":
  version "5.0.2"
  resolved "https://registry.yarnpkg.com/@pixi/sprite-animated/-/sprite-animated-5.0.2.tgz#6717fc38f5be90e785460f86e57fdfa51d68634a"
  integrity sha512-2sR4/93TCNsnsP7txsQ/1H3XcxpHdbw5JngtHNPzsq5vDnkyHlEenFqNP4rbwqE4zgOtBYxGY/lXVgObZEOMxw==
  dependencies:
    "@pixi/core" "^5.0.2"
    "@pixi/sprite" "^5.0.2"
    "@pixi/ticker" "^5.0.1"

"@pixi/sprite-tiling@^5.0.2":
  version "5.0.2"
  resolved "https://registry.yarnpkg.com/@pixi/sprite-tiling/-/sprite-tiling-5.0.2.tgz#dbc88c67132cab26efa5f185f59c39e9048e881c"
  integrity sha512-V9zIRz+I82W+pe1dAnHP24GsPxfqtQghpxnh9BtyDBCvfYiid38phwWdYVDrtW3oKme834Tlk9eJc2BIVHiLOQ==
  dependencies:
    "@pixi/constants" "^5.0.0-rc.3"
    "@pixi/core" "^5.0.2"
    "@pixi/display" "^5.0.1"
    "@pixi/math" "^5.0.0-rc.3"
    "@pixi/sprite" "^5.0.2"
    "@pixi/utils" "^5.0.1"

"@pixi/sprite@^5.0.2":
  version "5.0.2"
  resolved "https://registry.yarnpkg.com/@pixi/sprite/-/sprite-5.0.2.tgz#5bf9ed89768620b7729e433302b678e4581c4c63"
  integrity sha512-OoxP1hPzcyoyd6OBAfAY5fE+ucBtPO5krj5WwsyOLYKTAfLmAv3sOlptGWwe+M/HSZ8OyF4DrJ7/3IBfIv8uAA==
  dependencies:
    "@pixi/constants" "^5.0.0-rc.3"
    "@pixi/core" "^5.0.2"
    "@pixi/display" "^5.0.1"
    "@pixi/math" "^5.0.0-rc.3"
    "@pixi/settings" "^5.0.1"
    "@pixi/utils" "^5.0.1"

"@pixi/spritesheet@^5.0.2":
  version "5.0.2"
  resolved "https://registry.yarnpkg.com/@pixi/spritesheet/-/spritesheet-5.0.2.tgz#0101010edeed03b5a897567c1f562e13d108c055"
  integrity sha512-8dONvL08WaJco160sLix6GiPH6iaqmXtsqY5Pv/KKcI/bWk6JuEEmp4/Dz0TSVy65rCOoCpf7qWKUFtv46w1nQ==
  dependencies:
    "@pixi/core" "^5.0.2"
    "@pixi/loaders" "^5.0.2"
    "@pixi/math" "^5.0.0-rc.3"
    "@pixi/utils" "^5.0.1"

"@pixi/text-bitmap@^5.0.2":
  version "5.0.2"
  resolved "https://registry.yarnpkg.com/@pixi/text-bitmap/-/text-bitmap-5.0.2.tgz#004919d2c8f9d130c418344b78ed9a42caa186af"
  integrity sha512-u4XMxjGIpcFSWbZunaFwhIRgOHGewW5BS1+LMMR5YFBP9t2a3hlRoIa2JEAfI8fXBerF1n5KljriTojFuxfrpA==
  dependencies:
    "@pixi/core" "^5.0.2"
    "@pixi/display" "^5.0.1"
    "@pixi/loaders" "^5.0.2"
    "@pixi/math" "^5.0.0-rc.3"
    "@pixi/settings" "^5.0.1"
    "@pixi/sprite" "^5.0.2"
    "@pixi/utils" "^5.0.1"

"@pixi/text@^5.0.2":
  version "5.0.2"
  resolved "https://registry.yarnpkg.com/@pixi/text/-/text-5.0.2.tgz#1bace120430ec159f75bab5cea3e8e204952df87"
  integrity sha512-McZ4kUUr/xewvDJd3i0Z0yA5WxzyXWkqAWNJla1DLKA98soBDwq/k2nFjIGhcPgcAfC4ahrxky0PbAYqOP5SgQ==
  dependencies:
    "@pixi/core" "^5.0.2"
    "@pixi/math" "^5.0.0-rc.3"
    "@pixi/settings" "^5.0.1"
    "@pixi/sprite" "^5.0.2"
    "@pixi/utils" "^5.0.1"

"@pixi/ticker@^5.0.1":
  version "5.0.1"
  resolved "https://registry.yarnpkg.com/@pixi/ticker/-/ticker-5.0.1.tgz#5d0f96cb98edc9995d2fb38d5bbb4564ade1e60d"
  integrity sha512-T00DKK+l0WFj/c5V6e/3KawBoIIiEHFLKyurPEMtUL/MzF8FDvF0uX+TRbiieBMkqrHO/sSfENTpzhTYV72jdw==
  dependencies:
    "@pixi/settings" "^5.0.1"

"@pixi/utils@^5.0.1":
  version "5.0.1"
  resolved "https://registry.yarnpkg.com/@pixi/utils/-/utils-5.0.1.tgz#ddcd5de4604ec0ca1d3155ed8bb6af10aa16cbb4"
  integrity sha512-2cmmDBmJkT0I8E7hEnSXtX1YxmD7nQ6752V4CBu91EzLZ8wYbRFU831gobTxWYvgM7gUeNezwx9snayLEDRFcQ==
  dependencies:
    "@pixi/constants" "^5.0.0-rc.3"
    "@pixi/settings" "^5.0.1"
    earcut "^2.1.5"
    eventemitter3 "^3.1.0"
    url "^0.11.0"

calc-fontsize@^1.1.0:
  version "1.1.0"
  resolved "https://registry.yarnpkg.com/calc-fontsize/-/calc-fontsize-1.1.0.tgz#5daa9ffddb950bedb19e926a99815ff24d9b0097"
  integrity sha512-K37zSd7XehL/g+xOn/dNdnhBG7FrMfu4/I6+9YZJdO/1JetjG+7aLUa2megHQjAB1bX6V2eSsZepwaT49qe0zA==

earcut@^2.1.5:
  version "2.1.5"
  resolved "https://registry.yarnpkg.com/earcut/-/earcut-2.1.5.tgz#829280a9a3a0f5fee0529f0a47c3e4eff09b21e4"
  integrity sha512-QFWC7ywTVLtvRAJTVp8ugsuuGQ5mVqNmJ1cRYeLrSHgP3nycr2RHTJob9OtM0v8ujuoKN0NY1a93J/omeTL1PA==

es6-promise-polyfill@^1.2.0:
  version "1.2.0"
  resolved "https://registry.yarnpkg.com/es6-promise-polyfill/-/es6-promise-polyfill-1.2.0.tgz#f38925f23cb3e3e8ce6cda8ff774fcebbb090cde"
  integrity sha1-84kl8jyz4+jObNqP93T867sJDN4=

eventemitter3@^3.1.0:
  version "3.1.0"
  resolved "https://registry.yarnpkg.com/eventemitter3/-/eventemitter3-3.1.0.tgz#090b4d6cdbd645ed10bf750d4b5407942d7ba163"
  integrity sha512-ivIvhpq/Y0uSjcHDcOIccjmYjGLcP09MFGE7ysAwkAvkXfpZlC985pH2/ui64DKazbTW/4kN3yqozUxlXzI6cA==

highlight.js@^10.4.1:
  version "10.4.1"
  resolved "https://registry.yarnpkg.com/highlight.js/-/highlight.js-10.4.1.tgz#d48fbcf4a9971c4361b3f95f302747afe19dbad0"
  integrity sha512-yR5lWvNz7c85OhVAEAeFhVCc/GV4C30Fjzc/rCP0aCWzc1UUOPUk55dK/qdwTZHBvMZo+eZ2jpk62ndX/xMFlg==

ismobilejs@^0.5.1:
  version "0.5.1"
  resolved "https://registry.yarnpkg.com/ismobilejs/-/ismobilejs-0.5.1.tgz#0e3f825e29e32f84ad5ddbb60e9e04a894046488"
  integrity sha512-QX4STsOcBYqlTjVGuAdP1MiRVxtiUbRHOKH0v7Gn1EvfUVIQnrSdgCM4zB4VCZuIejnb2NUMUx0Bwd3EIG6yyA==

mini-signals@^1.1.1:
  version "1.2.0"
  resolved "https://registry.yarnpkg.com/mini-signals/-/mini-signals-1.2.0.tgz#45b08013c5fae51a24aa1a935cd317c9ed721d74"
  integrity sha1-RbCAE8X65RokqhqTXNMXye1yHXQ=

object-assign@^4.1.1:
  version "4.1.1"
  resolved "https://registry.yarnpkg.com/object-assign/-/object-assign-4.1.1.tgz#2109adc7965887cfc05cbbd442cac8bfbb360863"
  integrity sha1-IQmtx5ZYh8/AXLvUQsrIv7s2CGM=

parse-uri@^1.0.0:
  version "1.0.0"
  resolved "https://registry.yarnpkg.com/parse-uri/-/parse-uri-1.0.0.tgz#2872dcc22f1a797acde1583d8a0ac29552ddac20"
  integrity sha1-KHLcwi8aeXrN4Vg9igrClVLdrCA=

penner@^0.1.3:
  version "0.1.3"
  resolved "https://registry.yarnpkg.com/penner/-/penner-0.1.3.tgz#0b8b482d4e9b39af2f3d7c37592229b8acc29705"
  integrity sha1-C4tILU6bOa8vPXw3WSIpuKzClwU=

pixi-ease@^1.3.0:
  version "1.3.0"
  resolved "https://registry.yarnpkg.com/pixi-ease/-/pixi-ease-1.3.0.tgz#2d58087d7a9d9f5bed7004e1e713839649a74abc"
  integrity sha512-c2stiNINlF3/hYISJfg2sn/mjOlmcl096FtO3IA7u9iVCIVtRNthy/HAD8wr3EY7930bdLqexaFNR7o8n7d3cQ==
  dependencies:
    eventemitter3 "^3.1.0"
    penner "^0.1.3"
    yy-angle "^1.3.1"
    yy-color "^1.1.1"

pixi.js@^5.0.2:
  version "5.0.2"
  resolved "https://registry.yarnpkg.com/pixi.js/-/pixi.js-5.0.2.tgz#42afe639e26853ef754839fc6351bd76221a3875"
  integrity sha512-tFqHWFvvfjU15hr325oSvXACOEjtgkZXWkM+66oQKhXN6fn1SaFnli2AlbHnwtjQFjZhaXg+vwVa90PbgfVIVA==
  dependencies:
    "@pixi/accessibility" "^5.0.2"
    "@pixi/app" "^5.0.2"
    "@pixi/constants" "^5.0.0-rc.3"
    "@pixi/core" "^5.0.2"
    "@pixi/display" "^5.0.1"
    "@pixi/extract" "^5.0.2"
    "@pixi/filter-alpha" "^5.0.2"
    "@pixi/filter-blur" "^5.0.2"
    "@pixi/filter-color-matrix" "^5.0.2"
    "@pixi/filter-displacement" "^5.0.2"
    "@pixi/filter-fxaa" "^5.0.2"
    "@pixi/filter-noise" "^5.0.2"
    "@pixi/graphics" "^5.0.2"
    "@pixi/interaction" "^5.0.2"
    "@pixi/loaders" "^5.0.2"
    "@pixi/math" "^5.0.0-rc.3"
    "@pixi/mesh" "^5.0.2"
    "@pixi/mesh-extras" "^5.0.2"
    "@pixi/mixin-cache-as-bitmap" "^5.0.2"
    "@pixi/mixin-get-child-by-name" "^5.0.1"
    "@pixi/mixin-get-global-position" "^5.0.1"
    "@pixi/particles" "^5.0.2"
    "@pixi/polyfill" "^5.0.0"
    "@pixi/prepare" "^5.0.2"
    "@pixi/runner" "^5.0.0"
    "@pixi/settings" "^5.0.1"
    "@pixi/sprite" "^5.0.2"
    "@pixi/sprite-animated" "^5.0.2"
    "@pixi/sprite-tiling" "^5.0.2"
    "@pixi/spritesheet" "^5.0.2"
    "@pixi/text" "^5.0.2"
    "@pixi/text-bitmap" "^5.0.2"
    "@pixi/ticker" "^5.0.1"
    "@pixi/utils" "^5.0.1"

punycode@1.3.2:
  version "1.3.2"
  resolved "https://registry.yarnpkg.com/punycode/-/punycode-1.3.2.tgz#9653a036fb7c1ee42342f2325cceefea3926c48d"
  integrity sha1-llOgNvt8HuQjQvIyXM7v6jkmxI0=

querystring@0.2.0:
  version "0.2.0"
  resolved "https://registry.yarnpkg.com/querystring/-/querystring-0.2.0.tgz#b209849203bb25df820da756e747005878521620"
  integrity sha1-sgmEkgO7Jd+CDadW50cAWHhSFiA=

resource-loader@^2.2.4:
  version "2.2.4"
  resolved "https://registry.yarnpkg.com/resource-loader/-/resource-loader-2.2.4.tgz#9bf43dba59475d56be29c796399211ce0e96fd2d"
  integrity sha512-MrY0bEJN26us3h4bzJUSP0n4tFEb79lCpYBavtLjSezWCcXZMgxhSgvC9LxueuqpcxG+qPjhwFu5SQAcUNacdA==
  dependencies:
    mini-signals "^1.1.1"
    parse-uri "^1.0.0"

seedrandom@^2.4.3:
  version "2.4.4"
  resolved "https://registry.yarnpkg.com/seedrandom/-/seedrandom-2.4.4.tgz#b25ea98632c73e45f58b77cfaa931678df01f9ba"
  integrity sha512-9A+PDmgm+2du77B5i0Ip2cxOqqHjgNxnBgglxLcX78A2D6c2rTo61z4jnVABpF4cKeDMDG+cmXXvdnqse2VqMA==

seedrandom@^3.0.1:
  version "3.0.1"
  resolved "https://registry.yarnpkg.com/seedrandom/-/seedrandom-3.0.1.tgz#eb3dde015bcf55df05a233514e5df44ef9dce083"
  integrity sha512-1/02Y/rUeU1CJBAGLebiC5Lbo5FnB22gQbIFFYTLkwvp1xdABZJH1sn4ZT1MzXmPpzv+Rf/Lu2NcsLJiK4rcDg==

url@^0.11.0:
  version "0.11.0"
  resolved "https://registry.yarnpkg.com/url/-/url-0.11.0.tgz#3838e97cfc60521eb73c525a8e55bfdd9e2e28f1"
  integrity sha1-ODjpfPxgUh63PFJajlW/3Z4uKPE=
  dependencies:
    punycode "1.3.2"
    querystring "0.2.0"

yy-angle@^1.3.1:
  version "1.3.1"
  resolved "https://registry.yarnpkg.com/yy-angle/-/yy-angle-1.3.1.tgz#996ed0ab1cd521b0ee09eb71e41db503b7a172e4"
  integrity sha512-A81E2JVWPx6UuHnmNyM0wgyiC+azFW3J1U0+kIZ+HFX7ERXmsPAGo6S8kRTa4WoQUky5wbsn+4orkAA8Am5q5w==

yy-color@^1.1.1:
  version "1.1.2"
  resolved "https://registry.yarnpkg.com/yy-color/-/yy-color-1.1.2.tgz#5c98fba33ea53e054f785443d26c6279300e5c00"
  integrity sha512-xAnFzZ3IPOsoQwKfhEhsq7tfhpNXrXrjeUtoStdwBKgfKdhoJatqLNBvybPYt270pX3LqSdAr1x/M07hxjIHEw==
  dependencies:
    yy-random "^1.0.1"

yy-random@^1.0.1:
  version "1.7.3"
  resolved "https://registry.yarnpkg.com/yy-random/-/yy-random-1.7.3.tgz#02bcf4b527b11eb36258808c467ad163507cc09e"
  integrity sha512-6ehVIOde2r6wUR/ocy/5Tw6PDvx9En1x6X6ClKPCbQMnU2zBVXlmyW3KluEank7rwKS9fnWzcToj8wqLokc50Q==
  dependencies:
    seedrandom "^2.4.3"

yy-random@^1.8.0:
  version "1.8.0"
  resolved "https://registry.yarnpkg.com/yy-random/-/yy-random-1.8.0.tgz#46539c1061050bcd63ce70b7fa902ccc9fb36a2e"
  integrity sha512-Dk5u4kkp6Hu2yUPXpRT8MWr1gpcSI88jDIMZtxVjj6iPiXbfoUcug2fR8s9WS2E4x8EdUxcOdoFadmViLYAQvA==
  dependencies:
    seedrandom "^3.0.1"
